
Microsoft Visual Studio Solution File, Format Version 12.00
Project("{FAE04EC0-301F-11D3-BF4B-00C04F79EFBC}") = "Shopping", "Shopping\Shopping.csproj", "{487641B8-8DD8-4C0F-9EE4-8B52A4736E13}"
EndProject
Global
	GlobalSection(SolutionConfigurationPlatforms) = preSolution
		Debug|Any CPU = Debug|Any CPU
		Release|Any CPU = Release|Any CPU
	EndGlobalSection
	GlobalSection(ProjectConfigurationPlatforms) = postSolution
		{487641B8-8DD8-4C0F-9EE4-8B52A4736E13}.Debug|Any CPU.ActiveCfg = Debug|Any CPU
		{487641B8-8DD8-4C0F-9EE4-8B52A4736E13}.Debug|Any CPU.Build.0 = Debug|Any CPU
		{487641B8-8DD8-4C0F-9EE4-8B52A4736E13}.Release|Any CPU.ActiveCfg = Release|Any CPU
		{487641B8-8DD8-4C0F-9EE4-8B52A4736E13}.Release|Any CPU.Build.0 = Release|Any CPU
	EndGlobalSection
EndGlobal
